Microsoft Visual Studio Solution File, Format Version 12.00
# Visual Studio Version 17
VisualStudioVersion = 17.5.2.0
MinimumVisualStudioVersion = 10.0.40219.1
Project("{FAE04EC0-301F-11D3-BF4B-00C04F79EFBC}") = "Dotnet-Dietitian.API", "Dotnet-Dietitian.API.csproj", "{91CF54D7-3B68-50E0-CBDB-2A8010ECD773}"
EndProject
Global
	GlobalSection(SolutionConfigurationPlatforms) = preSolution
		Debug|Any CPU = Debug|Any CPU
		Release|Any CPU = Release|Any CPU
	EndGlobalSection
	GlobalSection(ProjectConfigurationPlatforms) = postSolution
		{91CF54D7-3B68-50E0-CBDB-2A8010ECD773}.Debug|Any CPU.ActiveCfg = Debug|Any CPU
		{91CF54D7-3B68-50E0-CBDB-2A8010ECD773}.Debug|Any CPU.Build.0 = Debug|Any CPU
		{91CF54D7-3B68-50E0-CBDB-2A8010ECD773}.Release|Any CPU.ActiveCfg = Release|Any CPU
		{91CF54D7-3B68-50E0-CBDB-2A8010ECD773}.Release|Any CPU.Build.0 = Release|Any CPU
	EndGlobalSection
	GlobalSection(SolutionProperties) = preSolution
		HideSolutionNode = FALSE
	EndGlobalSection
	GlobalSection(ExtensibilityGlobals) = postSolution
		SolutionGuid = {A485A196-772A-4793-B117-A4207F1380F4}
	EndGlobalSection
EndGlobal
